
Microsoft Visual Studio Solution File, Format Version 12.00
# Visual Studio Version 17
VisualStudioVersion = 17.6.33815.320
MinimumVisualStudioVersion = 10.0.40219.1
Project("{9A19103F-16F7-4668-BE54-9A1E7A4F7556}") = "AttendancePuller", "AttendancePuller.csproj", "{AC6B9F63-20DE-4184-AE11-AB18E04F1F3F}"
EndProject
Global
	GlobalSection(SolutionConfigurationPlatforms) = preSolution
		Debug|Any CPU = Debug|Any CPU
		Release|Any CPU = Release|Any CPU
	EndGlobalSection
	GlobalSection(ProjectConfigurationPlatforms) = postSolution
		{AC6B9F63-20DE-4184-AE11-AB18E04F1F3F}.Debug|Any CPU.ActiveCfg = Debug|Any CPU
		{AC6B9F63-20DE-4184-AE11-AB18E04F1F3F}.Debug|Any CPU.Build.0 = Debug|Any CPU
		{AC6B9F63-20DE-4184-AE11-AB18E04F1F3F}.Release|Any CPU.ActiveCfg = Release|Any CPU
		{AC6B9F63-20DE-4184-AE11-AB18E04F1F3F}.Release|Any CPU.Build.0 = Release|Any CPU
	EndGlobalSection
	GlobalSection(SolutionProperties) = preSolution
		HideSolutionNode = FALSE
	EndGlobalSection
	GlobalSection(ExtensibilityGlobals) = postSolution
		SolutionGuid = {49491070-65F7-4073-B4D1-09D1145008BA}
	EndGlobalSection
EndGlobal
